
Microsoft Visual Studio Solution File, Format Version 12.00
# Visual Studio Version 17
VisualStudioVersion = 17.4.33213.308
MinimumVisualStudioVersion = 10.0.40219.1
Project("{9A19103F-16F7-4668-BE54-9A1E7A4F7556}") = "Proj_Calpie", "Proj_Calpie\Proj_Calpie.csproj", "{D8148523-1537-4C08-8799-BD8995DEC8DF}"
EndProject
Global
	GlobalSection(SolutionConfigurationPlatforms) = preSolution
		Debug|Any CPU = Debug|Any CPU
		Release|Any CPU = Release|Any CPU
	EndGlobalSection
	GlobalSection(ProjectConfigurationPlatforms) = postSolution
		{D8148523-1537-4C08-8799-BD8995DEC8DF}.Debug|Any CPU.ActiveCfg = Debug|Any CPU
		{D8148523-1537-4C08-8799-BD8995DEC8DF}.Debug|Any CPU.Build.0 = Debug|Any CPU
		{D8148523-1537-4C08-8799-BD8995DEC8DF}.Release|Any CPU.ActiveCfg = Release|Any CPU
		{D8148523-1537-4C08-8799-BD8995DEC8DF}.Release|Any CPU.Build.0 = Release|Any CPU
	EndGlobalSection
	GlobalSection(SolutionProperties) = preSolution
		HideSolutionNode = FALSE
	EndGlobalSection
	GlobalSection(ExtensibilityGlobals) = postSolution
		SolutionGuid = {C81A09DD-4BAA-4B07-AAE7-420AF4335AAF}
	EndGlobalSection
EndGlobal
